// !$*UTF8*$!
{
	archiveVersion = 1;
	classes = {
	};
	objectVersion = 55;
	objects = {

/* Begin PBXBuildFile section */
		0C52CCBD28AFD0C100FBBFF2 /* TranslatorApp.swift in Sources */ = {isa = PBXBuildFile; fileRef = 0C52CCAD28AFD0C000FBBFF2 /* TranslatorApp.swift */; };
		0C52CCBE28AFD0C100FBBFF2 /* TranslatorApp.swift in Sources */ = {isa = PBXBuildFile; fileRef = 0C52CCAD28AFD0C000FBBFF2 /* TranslatorApp.swift */; };
		0C52CCBF28AFD0C100FBBFF2 /* TranslationView.swift in Sources */ = {isa = PBXBuildFile; fileRef = 0C52CCAE28AFD0C000FBBFF2 /* TranslationView.swift */; };
		0C52CCC028AFD0C100FBBFF2 /* TranslationView.swift in Sources */ = {isa = PBXBuildFile; fileRef = 0C52CCAE28AFD0C000FBBFF2 /* TranslationView.swift */; };
		0C52CCC128AFD0C100FBBFF2 /* Assets.xcassets in Resources */ = {isa = PBXBuildFile; fileRef = 0C52CCAF28AFD0C100FBBFF2 /* Assets.xcassets */; };
		0C52CCC228AFD0C100FBBFF2 /* Assets.xcassets in Resources */ = {isa = PBXBuildFile; fileRef = 0C52CCAF28AFD0C100FBBFF2 /* Assets.xcassets */; };
		0C52CCD228B10F4200FBBFF2 /* TranslationViewModel.swift in Sources */ = {isa = PBXBuildFile; fileRef = 0C52CCD128B10F4200FBBFF2 /* TranslationViewModel.swift */; };
		0C52CCD328B10F4200FBBFF2 /* TranslationViewModel.swift in Sources */ = {isa = PBXBuildFile; fileRef = 0C52CCD128B10F4200FBBFF2 /* TranslationViewModel.swift */; };
		0C52CCDB28B15A5C00FBBFF2 /* LanguageSelectionView.swift in Sources */ = {isa = PBXBuildFile; fileRef = 0C52CCDA28B15A5C00FBBFF2 /* LanguageSelectionView.swift */; };
		0C52CCDC28B15A5C00FBBFF2 /* LanguageSelectionView.swift in Sources */ = {isa = PBXBuildFile; fileRef = 0C52CCDA28B15A5C00FBBFF2 /* LanguageSelectionView.swift */; };
		0C52CCDF28B15F4200FBBFF2 /* LanguageSelectionViewModel.swift in Sources */ = {isa = PBXBuildFile; fileRef = 0C52CCDE28B15F4200FBBFF2 /* LanguageSelectionViewModel.swift */; };
		0C52CCE028B15F4200FBBFF2 /* LanguageSelectionViewModel.swift in Sources */ = {isa = PBXBuildFile; fileRef = 0C52CCDE28B15F4200FBBFF2 /* LanguageSelectionViewModel.swift */; };
		0C52CCE328B1621E00FBBFF2 /* Language.swift in Sources */ = {isa = PBXBuildFile; fileRef = 0C52CCE228B1621E00FBBFF2 /* Language.swift */; };
		0C52CCE428B1621E00FBBFF2 /* Language.swift in Sources */ = {isa = PBXBuildFile; fileRef = 0C52CCE228B1621E00FBBFF2 /* Language.swift */; };
		0C52CCFD28B29A0400FBBFF2 /* Languages.json in Resources */ = {isa = PBXBuildFile; fileRef = 0C52CCFC28B29A0400FBBFF2 /* Languages.json */; };
		0C52CCFE28B29A0400FBBFF2 /* Languages.json in Resources */ = {isa = PBXBuildFile; fileRef = 0C52CCFC28B29A0400FBBFF2 /* Languages.json */; };
/* End PBXBuildFile section */

/* Begin PBXFileReference section */
		0C52CCAD28AFD0C000FBBFF2 /* TranslatorApp.swift */ = {isa = PBXFileReference; lastKnownFileType = sourcecode.swift; path = TranslatorApp.swift; sourceTree = "<group>"; };
		0C52CCAE28AFD0C000FBBFF2 /* TranslationView.swift */ = {isa = PBXFileReference; lastKnownFileType = sourcecode.swift; path = TranslationView.swift; sourceTree = "<group>"; };
		0C52CCAF28AFD0C100FBBFF2 /* Assets.xcassets */ = {isa = PBXFileReference; lastKnownFileType = folder.assetcatalog; path = Assets.xcassets; sourceTree = "<group>"; };
		0C52CCB428AFD0C100FBBFF2 /* Translator.app */ = {isa = PBXFileReference; explicitFileType = wrapper.application; includeInIndex = 0; path = Translator.app; sourceTree = BUILT_PRODUCTS_DIR; };
		0C52CCBA28AFD0C100FBBFF2 /* Translator.app */ = {isa = PBXFileReference; explicitFileType = wrapper.application; includeInIndex = 0; path = Translator.app; sourceTree = BUILT_PRODUCTS_DIR; };
		0C52CCBC28AFD0C100FBBFF2 /* macOS.entitlements */ = {isa = PBXFileReference; lastKnownFileType = text.plist.entitlements; path = macOS.entitlements; sourceTree = "<group>"; };
		0C52CCD128B10F4200FBBFF2 /* TranslationViewModel.swift */ = {isa = PBXFileReference; lastKnownFileType = sourcecode.swift; path = TranslationViewModel.swift; sourceTree = "<group>"; };
		0C52CCDA28B15A5C00FBBFF2 /* LanguageSelectionView.swift */ = {isa = PBXFileReference; lastKnownFileType = sourcecode.swift; path = LanguageSelectionView.swift; sourceTree = "<group>"; };
		0C52CCDE28B15F4200FBBFF2 /* LanguageSelectionViewModel.swift */ = {isa = PBXFileReference; lastKnownFileType = sourcecode.swift; path = LanguageSelectionViewModel.swift; sourceTree = "<group>"; };
		0C52CCE228B1621E00FBBFF2 /* Language.swift */ = {isa = PBXFileReference; lastKnownFileType = sourcecode.swift; path = Language.swift; sourceTree = "<group>"; };
		0C52CCFC28B29A0400FBBFF2 /* Languages.json */ = {isa = PBXFileReference; fileEncoding = 4; lastKnownFileType = text.json; path = Languages.json; sourceTree = "<group>"; };
/* End PBXFileReference section */

/* Begin PBXFrameworksBuildPhase section */
		0C52CCB128AFD0C100FBBFF2 /* Frameworks */ = {
			isa = PBXFrameworksBuildPhase;
			buildActionMask = 2147483647;
			files = (
			);
			runOnlyForDeploymentPostprocessing = 0;
		};
		0C52CCB728AFD0C100FBBFF2 /* Frameworks */ = {
			isa = PBXFrameworksBuildPhase;
			buildActionMask = 2147483647;
			files = (
			);
			runOnlyForDeploymentPostprocessing = 0;
		};
/* End PBXFrameworksBuildPhase section */

/* Begin PBXGroup section */
		0C52CCA728AFD0C000FBBFF2 = {
			isa = PBXGroup;
			children = (
				0C52CCE928B2734B00FBBFF2 /* Assets */,
				0C52CCE128B1620600FBBFF2 /* Models */,
				0C52CCD028B10F0C00FBBFF2 /* ViewModels */,
				0C52CCCE28B10E3800FBBFF2 /* Views */,
				0C52CCAC28AFD0C000FBBFF2 /* Shared */,
				0C52CCBB28AFD0C100FBBFF2 /* macOS */,
				0C52CCB528AFD0C100FBBFF2 /* Products */,
			);
			sourceTree = "<group>";
		};
		0C52CCAC28AFD0C000FBBFF2 /* Shared */ = {
			isa = PBXGroup;
			children = (
				0C52CCAD28AFD0C000FBBFF2 /* TranslatorApp.swift */,
				0C52CCAF28AFD0C100FBBFF2 /* Assets.xcassets */,
			);
			path = Shared;
			sourceTree = "<group>";
		};
		0C52CCB528AFD0C100FBBFF2 /* Products */ = {
			isa = PBXGroup;
			children = (
				0C52CCB428AFD0C100FBBFF2 /* Translator.app */,
				0C52CCBA28AFD0C100FBBFF2 /* Translator.app */,
			);
			name = Products;
			sourceTree = "<group>";
		};
		0C52CCBB28AFD0C100FBBFF2 /* macOS */ = {
			isa = PBXGroup;
			children = (
				0C52CCBC28AFD0C100FBBFF2 /* macOS.entitlements */,
			);
			path = macOS;
			sourceTree = "<group>";
		};
		0C52CCCE28B10E3800FBBFF2 /* Views */ = {
			isa = PBXGroup;
			children = (
				0C52CCAE28AFD0C000FBBFF2 /* TranslationView.swift */,
				0C52CCDA28B15A5C00FBBFF2 /* LanguageSelectionView.swift */,
			);
			path = Views;
			sourceTree = "<group>";
		};
		0C52CCD028B10F0C00FBBFF2 /* ViewModels */ = {
			isa = PBXGroup;
			children = (
				0C52CCD128B10F4200FBBFF2 /* TranslationViewModel.swift */,
				0C52CCDE28B15F4200FBBFF2 /* LanguageSelectionViewModel.swift */,
			);
			path = ViewModels;
			sourceTree = "<group>";
		};
		0C52CCE128B1620600FBBFF2 /* Models */ = {
			isa = PBXGroup;
			children = (
				0C52CCE228B1621E00FBBFF2 /* Language.swift */,
			);
			path = Models;
			sourceTree = "<group>";
		};
		0C52CCE928B2734B00FBBFF2 /* Assets */ = {
			isa = PBXGroup;
			children = (
				0C52CCFC28B29A0400FBBFF2 /* Languages.json */,
			);
			path = Assets;
			sourceTree = "<group>";
		};
/* End PBXGroup section */

/* Begin PBXNativeTarget section */
		0C52CCB328AFD0C100FBBFF2 /* Translator (iOS) */ = {
			isa = PBXNativeTarget;
			buildConfigurationList = 0C52CCC528AFD0C100FBBFF2 /* Build configuration list for PBXNativeTarget "Translator (iOS)" */;
			buildPhases = (
				0C52CCB028AFD0C100FBBFF2 /* Sources */,
				0C52CCB128AFD0C100FBBFF2 /* Frameworks */,
				0C52CCB228AFD0C100FBBFF2 /* Resources */,
			);
			buildRules = (
			);
			dependencies = (
			);
			name = "Translator (iOS)";
			productName = "Translator (iOS)";
			productReference = 0C52CCB428AFD0C100FBBFF2 /* Translator.app */;
			productType = "com.apple.product-type.application";
		};
		0C52CCB928AFD0C100FBBFF2 /* Translator (macOS) */ = {
			isa = PBXNativeTarget;
			buildConfigurationList = 0C52CCC828AFD0C100FBBFF2 /* Build configuration list for PBXNativeTarget "Translator (macOS)" */;
			buildPhases = (
				0C52CCB628AFD0C100FBBFF2 /* Sources */,
				0C52CCB728AFD0C100FBBFF2 /* Frameworks */,
				0C52CCB828AFD0C100FBBFF2 /* Resources */,
			);
			buildRules = (
			);
			dependencies = (
			);
			name = "Translator (macOS)";
			productName = "Translator (macOS)";
			productReference = 0C52CCBA28AFD0C100FBBFF2 /* Translator.app */;
			productType = "com.apple.product-type.application";
		};
/* End PBXNativeTarget section */

/* Begin PBXProject section */
		0C52CCA828AFD0C000FBBFF2 /* Project object */ = {
			isa = PBXProject;
			attributes = {
				BuildIndependentTargetsInParallel = 1;
				KnownAssetTags = (
					Languages,
				);
				LastSwiftUpdateCheck = 1320;
				LastUpgradeCheck = 1320;
				TargetAttributes = {
					0C52CCB328AFD0C100FBBFF2 = {
						CreatedOnToolsVersion = 13.2.1;
					};
					0C52CCB928AFD0C100FBBFF2 = {
						CreatedOnToolsVersion = 13.2.1;
					};
				};
			};
			buildConfigurationList = 0C52CCAB28AFD0C000FBBFF2 /* Build configuration list for PBXProject "Translator" */;
			compatibilityVersion = "Xcode 13.0";
			developmentRegion = en;
			hasScannedForEncodings = 0;
			knownRegions = (
				en,
				Base,
			);
			mainGroup = 0C52CCA728AFD0C000FBBFF2;
			productRefGroup = 0C52CCB528AFD0C100FBBFF2 /* Products */;
			projectDirPath = "";
			projectRoot = "";
			targets = (
				0C52CCB328AFD0C100FBBFF2 /* Translator (iOS) */,
				0C52CCB928AFD0C100FBBFF2 /* Translator (macOS) */,
			);
		};
/* End PBXProject section */

/* Begin PBXResourcesBuildPhase section */
		0C52CCB228AFD0C100FBBFF2 /* Resources */ = {
			isa = PBXResourcesBuildPhase;
			buildActionMask = 2147483647;
			files = (
				0C52CCC128AFD0C100FBBFF2 /* Assets.xcassets in Resources */,
				0C52CCFD28B29A0400FBBFF2 /* Languages.json in Resources */,
			);
			runOnlyForDeploymentPostprocessing = 0;
		};
		0C52CCB828AFD0C100FBBFF2 /* Resources */ = {
			isa = PBXResourcesBuildPhase;
			buildActionMask = 2147483647;
			files = (
				0C52CCC228AFD0C100FBBFF2 /* Assets.xcassets in Resources */,
				0C52CCFE28B29A0400FBBFF2 /* Languages.json in Resources */,
			);
			runOnlyForDeploymentPostprocessing = 0;
		};
/* End PBXResourcesBuildPhase section */

/* Begin PBXSourcesBuildPhase section */
		0C52CCB028AFD0C100FBBFF2 /* Sources */ = {
			isa = PBXSourcesBuildPhase;
			buildActionMask = 2147483647;
			files = (
				0C52CCD228B10F4200FBBFF2 /* TranslationViewModel.swift in Sources */,
				0C52CCBF28AFD0C100FBBFF2 /* TranslationView.swift in Sources */,
				0C52CCBD28AFD0C100FBBFF2 /* TranslatorApp.swift in Sources */,
				0C52CCE328B1621E00FBBFF2 /* Language.swift in Sources */,
				0C52CCDF28B15F4200FBBFF2 /* LanguageSelectionViewModel.swift in Sources */,
				0C52CCDB28B15A5C00FBBFF2 /* LanguageSelectionView.swift in Sources */,
			);
			runOnlyForDeploymentPostprocessing = 0;
		};
		0C52CCB628AFD0C100FBBFF2 /* Sources */ = {
			isa = PBXSourcesBuildPhase;
			buildActionMask = 2147483647;
			files = (
				0C52CCD328B10F4200FBBFF2 /* TranslationViewModel.swift in Sources */,
				0C52CCC028AFD0C100FBBFF2 /* TranslationView.swift in Sources */,
				0C52CCBE28AFD0C100FBBFF2 /* TranslatorApp.swift in Sources */,
				0C52CCE428B1621E00FBBFF2 /* Language.swift in Sources */,
				0C52CCE028B15F4200FBBFF2 /* LanguageSelectionViewModel.swift in Sources */,
				0C52CCDC28B15A5C00FBBFF2 /* LanguageSelectionView.swift in Sources */,
			);
			runOnlyForDeploymentPostprocessing = 0;
		};
/* End PBXSourcesBuildPhase section */

/* Begin XCBuildConfiguration section */
		0C52CCC328AFD0C100FBBFF2 /* Debug */ = {
			isa = XCBuildConfiguration;
			buildSettings = {
				ALWAYS_SEARCH_USER_PATHS = NO;
				CLANG_ANALYZER_NONNULL = YES;
				CLANG_ANALYZER_NUMBER_OBJECT_CONVERSION = YES_AGGRESSIVE;
				CLANG_CXX_LANGUAGE_STANDARD = "gnu++17";
				CLANG_CXX_LIBRARY = "libc++";
				CLANG_ENABLE_MODULES = YES;
				CLANG_ENABLE_OBJC_ARC = YES;
				CLANG_ENABLE_OBJC_WEAK = YES;
				CLANG_WARN_BLOCK_CAPTURE_AUTORELEASING = YES;
				CLANG_WARN_BOOL_CONVERSION = YES;
				CLANG_WARN_COMMA = YES;
				CLANG_WARN_CONSTANT_CONVERSION = YES;
				CLANG_WARN_DEPRECATED_OBJC_IMPLEMENTATIONS = YES;
				CLANG_WARN_DIRECT_OBJC_ISA_USAGE = YES_ERROR;
				CLANG_WARN_DOCUMENTATION_COMMENTS = YES;
				CLANG_WARN_EMPTY_BODY = YES;
				CLANG_WARN_ENUM_CONVERSION = YES;
				CLANG_WARN_INFINITE_RECURSION = YES;
				CLANG_WARN_INT_CONVERSION = YES;
				CLANG_WARN_NON_LITERAL_NULL_CONVERSION = YES;
				CLANG_WARN_OBJC_IMPLICIT_RETAIN_SELF = YES;
				CLANG_WARN_OBJC_LITERAL_CONVERSION = YES;
				CLANG_WARN_OBJC_ROOT_CLASS = YES_ERROR;
				CLANG_WARN_QUOTED_INCLUDE_IN_FRAMEWORK_HEADER = YES;
				CLANG_WARN_RANGE_LOOP_ANALYSIS = YES;
				CLANG_WARN_STRICT_PROTOTYPES = YES;
				CLANG_WARN_SUSPICIOUS_MOVE = YES;
				CLANG_WARN_UNGUARDED_AVAILABILITY = YES_AGGRESSIVE;
				CLANG_WARN_UNREACHABLE_CODE = YES;
				CLANG_WARN__DUPLICATE_METHOD_MATCH = YES;
				COPY_PHASE_STRIP = NO;
				DEBUG_INFORMATION_FORMAT = dwarf;
				ENABLE_STRICT_OBJC_MSGSEND = YES;
				ENABLE_TESTABILITY = YES;
				GCC_C_LANGUAGE_STANDARD = gnu11;
				GCC_DYNAMIC_NO_PIC = NO;
				GCC_NO_COMMON_BLOCKS = YES;
				GCC_OPTIMIZATION_LEVEL = 0;
				GCC_PREPROCESSOR_DEFINITIONS = (
					"DEBUG=1",
					"$(inherited)",
				);
				GCC_WARN_64_TO_32_BIT_CONVERSION = YES;
				GCC_WARN_ABOUT_RETURN_TYPE = YES_ERROR;
				GCC_WARN_UNDECLARED_SELECTOR = YES;
				GCC_WARN_UNINITIALIZED_AUTOS = YES_AGGRESSIVE;
				GCC_WARN_UNUSED_FUNCTION = YES;
				GCC_WARN_UNUSED_VARIABLE = YES;
				MTL_ENABLE_DEBUG_INFO = INCLUDE_SOURCE;
				MTL_FAST_MATH = YES;
				ONLY_ACTIVE_ARCH = YES;
				SWIFT_ACTIVE_COMPILATION_CONDITIONS = DEBUG;
				SWIFT_OPTIMIZATION_LEVEL = "-Onone";
			};
			name = Debug;
		};
		0C52CCC428AFD0C100FBBFF2 /* Release */ = {
			isa = XCBuildConfiguration;
			buildSettings = {
				ALWAYS_SEARCH_USER_PATHS = NO;
				CLANG_ANALYZER_NONNULL = YES;
				CLANG_ANALYZER_NUMBER_OBJECT_CONVERSION = YES_AGGRESSIVE;
				CLANG_CXX_LANGUAGE_STANDARD = "gnu++17";
				CLANG_CXX_LIBRARY = "libc++";
				CLANG_ENABLE_MODULES = YES;
				CLANG_ENABLE_OBJC_ARC = YES;
				CLANG_ENABLE_OBJC_WEAK = YES;
				CLANG_WARN_BLOCK_CAPTURE_AUTORELEASING = YES;
				CLANG_WARN_BOOL_CONVERSION = YES;
				CLANG_WARN_COMMA = YES;
				CLANG_WARN_CONSTANT_CONVERSION = YES;
				CLANG_WARN_DEPRECATED_OBJC_IMPLEMENTATIONS = YES;
				CLANG_WARN_DIRECT_OBJC_ISA_USAGE = YES_ERROR;
				CLANG_WARN_DOCUMENTATION_COMMENTS = YES;
				CLANG_WARN_EMPTY_BODY = YES;
				CLANG_WARN_ENUM_CONVERSION = YES;
				CLANG_WARN_INFINITE_RECURSION = YES;
				CLANG_WARN_INT_CONVERSION = YES;
				CLANG_WARN_NON_LITERAL_NULL_CONVERSION = YES;
				CLANG_WARN_OBJC_IMPLICIT_RETAIN_SELF = YES;
				CLANG_WARN_OBJC_LITERAL_CONVERSION = YES;
				CLANG_WARN_OBJC_ROOT_CLASS = YES_ERROR;
				CLANG_WARN_QUOTED_INCLUDE_IN_FRAMEWORK_HEADER = YES;
				CLANG_WARN_RANGE_LOOP_ANALYSIS = YES;
				CLANG_WARN_STRICT_PROTOTYPES = YES;
				CLANG_WARN_SUSPICIOUS_MOVE = YES;
				CLANG_WARN_UNGUARDED_AVAILABILITY = YES_AGGRESSIVE;
				CLANG_WARN_UNREACHABLE_CODE = YES;
				CLANG_WARN__DUPLICATE_METHOD_MATCH = YES;
				COPY_PHASE_STRIP = NO;
				DEBUG_INFORMATION_FORMAT = "dwarf-with-dsym";
				ENABLE_NS_ASSERTIONS = NO;
				ENABLE_STRICT_OBJC_MSGSEND = YES;
				GCC_C_LANGUAGE_STANDARD = gnu11;
				GCC_NO_COMMON_BLOCKS = YES;
				GCC_WARN_64_TO_32_BIT_CONVERSION = YES;
				GCC_WARN_ABOUT_RETURN_TYPE = YES_ERROR;
				GCC_WARN_UNDECLARED_SELECTOR = YES;
				GCC_WARN_UNINITIALIZED_AUTOS = YES_AGGRESSIVE;
				GCC_WARN_UNUSED_FUNCTION = YES;
				GCC_WARN_UNUSED_VARIABLE = YES;
				MTL_ENABLE_DEBUG_INFO = NO;
				MTL_FAST_MATH = YES;
				SWIFT_COMPILATION_MODE = wholemodule;
				SWIFT_OPTIMIZATION_LEVEL = "-O";
			};
			name = Release;
		};
		0C52CCC628AFD0C100FBBFF2 /* Debug */ = {
			isa = XCBuildConfiguration;
			buildSettings = {
				ASSETCATALOG_COMPILER_APPICON_NAME = AppIcon;
				ASSETCATALOG_COMPILER_GLOBAL_ACCENT_COLOR_NAME = AccentColor;
				CODE_SIGN_STYLE = Automatic;
				CURRENT_PROJECT_VERSION = 1;
				ENABLE_PREVIEWS = YES;
				GENERATE_INFOPLIST_FILE = YES;
				INFOPLIST_KEY_UIApplicationSceneManifest_Generation = YES;
				INFOPLIST_KEY_UIApplicationSupportsIndirectInputEvents = YES;
				INFOPLIST_KEY_UILaunchScreen_Generation = YES;
				INFOPLIST_KEY_UISupportedInterfaceOrientations_iPad = "UIInterfaceOrientationPortrait UIInterfaceOrientationPortraitUpsideDown UIInterfaceOrientationLandscapeLeft UIInterfaceOrientationLandscapeRight";
				INFOPLIST_KEY_UISupportedInterfaceOrientations_iPhone = "UIInterfaceOrientationPortrait UIInterfaceOrientationLandscapeLeft UIInterfaceOrientationLandscapeRight";
				IPHONEOS_DEPLOYMENT_TARGET = 15.2;
				LD_RUNPATH_SEARCH_PATHS = (
					"$(inherited)",
					"@executable_path/Frameworks",
				);
				MARKETING_VERSION = 1.0;
				PRODUCT_BUNDLE_IDENTIFIER = com.liamdeman.Translator;
				PRODUCT_NAME = Translator;
				SDKROOT = iphoneos;
				SWIFT_EMIT_LOC_STRINGS = YES;
				SWIFT_VERSION = 5.0;
				TARGETED_DEVICE_FAMILY = "1,2";
			};
			name = Debug;
		};
		0C52CCC728AFD0C100FBBFF2 /* Release */ = {
			isa = XCBuildConfiguration;
			buildSettings = {
				ASSETCATALOG_COMPILER_APPICON_NAME = AppIcon;
				ASSETCATALOG_COMPILER_GLOBAL_ACCENT_COLOR_NAME = AccentColor;
				CODE_SIGN_STYLE = Automatic;
				CURRENT_PROJECT_VERSION = 1;
				ENABLE_PREVIEWS = YES;
				GENERATE_INFOPLIST_FILE = YES;
				INFOPLIST_KEY_UIApplicationSceneManifest_Generation = YES;
				INFOPLIST_KEY_UIApplicationSupportsIndirectInputEvents = YES;
				INFOPLIST_KEY_UILaunchScreen_Generation = YES;
				INFOPLIST_KEY_UISupportedInterfaceOrientations_iPad = "UIInterfaceOrientationPortrait UIInterfaceOrientationPortraitUpsideDown UIInterfaceOrientationLandscapeLeft UIInterfaceOrientationLandscapeRight";
				INFOPLIST_KEY_UISupportedInterfaceOrientations_iPhone = "UIInterfaceOrientationPortrait UIInterfaceOrientationLandscapeLeft UIInterfaceOrientationLandscapeRight";
				IPHONEOS_DEPLOYMENT_TARGET = 15.2;
				LD_RUNPATH_SEARCH_PATHS = (
					"$(inherited)",
					"@executable_path/Frameworks",
				);
				MARKETING_VERSION = 1.0;
				PRODUCT_BUNDLE_IDENTIFIER = com.liamdeman.Translator;
				PRODUCT_NAME = Translator;
				SDKROOT = iphoneos;
				SWIFT_EMIT_LOC_STRINGS = YES;
				SWIFT_VERSION = 5.0;
				TARGETED_DEVICE_FAMILY = "1,2";
				VALIDATE_PRODUCT = YES;
			};
			name = Release;
		};
		0C52CCC928AFD0C100FBBFF2 /* Debug */ = {
			isa = XCBuildConfiguration;
			buildSettings = {
				ASSETCATALOG_COMPILER_APPICON_NAME = AppIcon;
				ASSETCATALOG_COMPILER_GLOBAL_ACCENT_COLOR_NAME = AccentColor;
				CODE_SIGN_ENTITLEMENTS = macOS/macOS.entitlements;
				CODE_SIGN_STYLE = Automatic;
				COMBINE_HIDPI_IMAGES = YES;
				CURRENT_PROJECT_VERSION = 1;
				ENABLE_PREVIEWS = YES;
				GENERATE_INFOPLIST_FILE = YES;
				INFOPLIST_KEY_NSHumanReadableCopyright = "";
				LD_RUNPATH_SEARCH_PATHS = (
					"$(inherited)",
					"@executable_path/../Frameworks",
				);
				MACOSX_DEPLOYMENT_TARGET = 12.1;
				MARKETING_VERSION = 1.0;
				PRODUCT_BUNDLE_IDENTIFIER = com.liamdeman.Translator;
				PRODUCT_NAME = Translator;
				SDKROOT = macosx;
				SWIFT_EMIT_LOC_STRINGS = YES;
				SWIFT_VERSION = 5.0;
			};
			name = Debug;
		};
		0C52CCCA28AFD0C100FBBFF2 /* Release */ = {
			isa = XCBuildConfiguration;
			buildSettings = {
				ASSETCATALOG_COMPILER_APPICON_NAME = AppIcon;
				ASSETCATALOG_COMPILER_GLOBAL_ACCENT_COLOR_NAME = AccentColor;
				CODE_SIGN_ENTITLEMENTS = macOS/macOS.entitlements;
				CODE_SIGN_STYLE = Automatic;
				COMBINE_HIDPI_IMAGES = YES;
				CURRENT_PROJECT_VERSION = 1;
				ENABLE_PREVIEWS = YES;
				GENERATE_INFOPLIST_FILE = YES;
				INFOPLIST_KEY_NSHumanReadableCopyright = "";
				LD_RUNPATH_SEARCH_PATHS = (
					"$(inherited)",
					"@executable_path/../Frameworks",
				);
				MACOSX_DEPLOYMENT_TARGET = 12.1;
				MARKETING_VERSION = 1.0;
				PRODUCT_BUNDLE_IDENTIFIER = com.liamdeman.Translator;
				PRODUCT_NAME = Translator;
				SDKROOT = macosx;
				SWIFT_EMIT_LOC_STRINGS = YES;
				SWIFT_VERSION = 5.0;
			};
			name = Release;
		};
/* End XCBuildConfiguration section */

/* Begin XCConfigurationList section */
		0C52CCAB28AFD0C000FBBFF2 /* Build configuration list for PBXProject "Translator" */ = {
			isa = XCConfigurationList;
			buildConfigurations = (
				0C52CCC328AFD0C100FBBFF2 /* Debug */,
				0C52CCC428AFD0C100FBBFF2 /* Release */,
			);
			defaultConfigurationIsVisible = 0;
			defaultConfigurationName = Release;
		};
		0C52CCC528AFD0C100FBBFF2 /* Build configuration list for PBXNativeTarget "Translator (iOS)" */ = {
			isa = XCConfigurationList;
			buildConfigurations = (
				0C52CCC628AFD0C100FBBFF2 /* Debug */,
				0C52CCC728AFD0C100FBBFF2 /* Release */,
			);
			defaultConfigurationIsVisible = 0;
			defaultConfigurationName = Release;
		};
		0C52CCC828AFD0C100FBBFF2 /* Build configuration list for PBXNativeTarget "Translator (macOS)" */ = {
			isa = XCConfigurationList;
			buildConfigurations = (
				0C52CCC928AFD0C100FBBFF2 /* Debug */,
				0C52CCCA28AFD0C100FBBFF2 /* Release */,
			);
			defaultConfigurationIsVisible = 0;
			defaultConfigurationName = Release;
		};
/* End XCConfigurationList section */
	};
	rootObject = 0C52CCA828AFD0C000FBBFF2 /* Project object */;
}
